
Microsoft Visual Studio Solution File, Format Version 12.00
# Visual Studio Version 16
VisualStudioVersion = 16.0.30503.244
MinimumVisualStudioVersion = 10.0.40219.1
Project("{FAE04EC0-301F-11D3-BF4B-00C04F79EFBC}") = "01", "01\01.csproj", "{B8048209-B9A1-4EA9-9B11-4B5A65EAF98E}"
EndProject
Project("{FAE04EC0-301F-11D3-BF4B-00C04F79EFBC}") = "02", "02\02.csproj", "{2CCADD44-EC3C-4FDB-99DE-FEFB28EED549}"
EndProject
Project("{FAE04EC0-301F-11D3-BF4B-00C04F79EFBC}") = "03", "03\03.csproj", "{98D755DF-43F4-49F0-86C1-C232B2637619}"
EndProject
Project("{FAE04EC0-301F-11D3-BF4B-00C04F79EFBC}") = "04", "04\04.csproj", "{5C9734C9-15AE-442C-953B-C66731CA86ED}"
EndProject
Project("{FAE04EC0-301F-11D3-BF4B-00C04F79EFBC}") = "05", "05\05.csproj", "{17D869A7-7C4C-4CC8-ACF4-D35F9198E2C4}"
EndProject
Project("{FAE04EC0-301F-11D3-BF4B-00C04F79EFBC}") = "06", "06\06.csproj", "{31F99963-9B63-40D7-B3F1-78815F830B3D}"
EndProject
Project("{FAE04EC0-301F-11D3-BF4B-00C04F79EFBC}") = "07", "07\07.csproj", "{22AF7A7E-6373-48C7-A2F8-BE4AE4807FBE}"
EndProject
Project("{FAE04EC0-301F-11D3-BF4B-00C04F79EFBC}") = "08", "08\08.csproj", "{499F7699-C81E-4CCA-90DA-32B78AA82714}"
EndProject
Project("{FAE04EC0-301F-11D3-BF4B-00C04F79EFBC}") = "09", "09\09.csproj", "{29A4BFA8-0A2B-4078-80C9-D8D010F3A0E4}"
EndProject
Project("{FAE04EC0-301F-11D3-BF4B-00C04F79EFBC}") = "010", "010\010.csproj", "{180A35B3-4C18-4E53-AD5F-1CF935A4ED57}"
EndProject
Project("{FAE04EC0-301F-11D3-BF4B-00C04F79EFBC}") = "011", "011\011.csproj", "{24EA7321-E30E-49CE-B9CB-DBF163FEC3B7}"
EndProject
Global
	GlobalSection(SolutionConfigurationPlatforms) = preSolution
		Debug|Any CPU = Debug|Any CPU
		Release|Any CPU = Release|Any CPU
	EndGlobalSection
	GlobalSection(ProjectConfigurationPlatforms) = postSolution
		{B8048209-B9A1-4EA9-9B11-4B5A65EAF98E}.Debug|Any CPU.ActiveCfg = Debug|Any CPU
		{B8048209-B9A1-4EA9-9B11-4B5A65EAF98E}.Debug|Any CPU.Build.0 = Debug|Any CPU
		{B8048209-B9A1-4EA9-9B11-4B5A65EAF98E}.Release|Any CPU.ActiveCfg = Release|Any CPU
		{B8048209-B9A1-4EA9-9B11-4B5A65EAF98E}.Release|Any CPU.Build.0 = Release|Any CPU
		{2CCADD44-EC3C-4FDB-99DE-FEFB28EED549}.Debug|Any CPU.ActiveCfg = Debug|Any CPU
		{2CCADD44-EC3C-4FDB-99DE-FEFB28EED549}.Debug|Any CPU.Build.0 = Debug|Any CPU
		{2CCADD44-EC3C-4FDB-99DE-FEFB28EED549}.Release|Any CPU.ActiveCfg = Release|Any CPU
		{2CCADD44-EC3C-4FDB-99DE-FEFB28EED549}.Release|Any CPU.Build.0 = Release|Any CPU
		{98D755DF-43F4-49F0-86C1-C232B2637619}.Debug|Any CPU.ActiveCfg = Debug|Any CPU
		{98D755DF-43F4-49F0-86C1-C232B2637619}.Debug|Any CPU.Build.0 = Debug|Any CPU
		{98D755DF-43F4-49F0-86C1-C232B2637619}.Release|Any CPU.ActiveCfg = Release|Any CPU
		{98D755DF-43F4-49F0-86C1-C232B2637619}.Release|Any CPU.Build.0 = Release|Any CPU
		{5C9734C9-15AE-442C-953B-C66731CA86ED}.Debug|Any CPU.ActiveCfg = Debug|Any CPU
		{5C9734C9-15AE-442C-953B-C66731CA86ED}.Debug|Any CPU.Build.0 = Debug|Any CPU
		{5C9734C9-15AE-442C-953B-C66731CA86ED}.Release|Any CPU.ActiveCfg = Release|Any CPU
		{5C9734C9-15AE-442C-953B-C66731CA86ED}.Release|Any CPU.Build.0 = Release|Any CPU
		{17D869A7-7C4C-4CC8-ACF4-D35F9198E2C4}.Debug|Any CPU.ActiveCfg = Debug|Any CPU
		{17D869A7-7C4C-4CC8-ACF4-D35F9198E2C4}.Debug|Any CPU.Build.0 = Debug|Any CPU
		{17D869A7-7C4C-4CC8-ACF4-D35F9198E2C4}.Release|Any CPU.ActiveCfg = Release|Any CPU
		{17D869A7-7C4C-4CC8-ACF4-D35F9198E2C4}.Release|Any CPU.Build.0 = Release|Any CPU
		{31F99963-9B63-40D7-B3F1-78815F830B3D}.Debug|Any CPU.ActiveCfg = Debug|Any CPU
		{31F99963-9B63-40D7-B3F1-78815F830B3D}.Debug|Any CPU.Build.0 = Debug|Any CPU
		{31F99963-9B63-40D7-B3F1-78815F830B3D}.Release|Any CPU.ActiveCfg = Release|Any CPU
		{31F99963-9B63-40D7-B3F1-78815F830B3D}.Release|Any CPU.Build.0 = Release|Any CPU
		{22AF7A7E-6373-48C7-A2F8-BE4AE4807FBE}.Debug|Any CPU.ActiveCfg = Debug|Any CPU
		{22AF7A7E-6373-48C7-A2F8-BE4AE4807FBE}.Debug|Any CPU.Build.0 = Debug|Any CPU
		{22AF7A7E-6373-48C7-A2F8-BE4AE4807FBE}.Release|Any CPU.ActiveCfg = Release|Any CPU
		{22AF7A7E-6373-48C7-A2F8-BE4AE4807FBE}.Release|Any CPU.Build.0 = Release|Any CPU
		{499F7699-C81E-4CCA-90DA-32B78AA82714}.Debug|Any CPU.ActiveCfg = Debug|Any CPU
		{499F7699-C81E-4CCA-90DA-32B78AA82714}.Debug|Any CPU.Build.0 = Debug|Any CPU
		{499F7699-C81E-4CCA-90DA-32B78AA82714}.Release|Any CPU.ActiveCfg = Release|Any CPU
		{499F7699-C81E-4CCA-90DA-32B78AA82714}.Release|Any CPU.Build.0 = Release|Any CPU
		{29A4BFA8-0A2B-4078-80C9-D8D010F3A0E4}.Debug|Any CPU.ActiveCfg = Debug|Any CPU
		{29A4BFA8-0A2B-4078-80C9-D8D010F3A0E4}.Debug|Any CPU.Build.0 = Debug|Any CPU
		{29A4BFA8-0A2B-4078-80C9-D8D010F3A0E4}.Release|Any CPU.ActiveCfg = Release|Any CPU
		{29A4BFA8-0A2B-4078-80C9-D8D010F3A0E4}.Release|Any CPU.Build.0 = Release|Any CPU
		{180A35B3-4C18-4E53-AD5F-1CF935A4ED57}.Debug|Any CPU.ActiveCfg = Debug|Any CPU
		{180A35B3-4C18-4E53-AD5F-1CF935A4ED57}.Debug|Any CPU.Build.0 = Debug|Any CPU
		{180A35B3-4C18-4E53-AD5F-1CF935A4ED57}.Release|Any CPU.ActiveCfg = Release|Any CPU
		{180A35B3-4C18-4E53-AD5F-1CF935A4ED57}.Release|Any CPU.Build.0 = Release|Any CPU
		{24EA7321-E30E-49CE-B9CB-DBF163FEC3B7}.Debug|Any CPU.ActiveCfg = Debug|Any CPU
		{24EA7321-E30E-49CE-B9CB-DBF163FEC3B7}.Debug|Any CPU.Build.0 = Debug|Any CPU
		{24EA7321-E30E-49CE-B9CB-DBF163FEC3B7}.Release|Any CPU.ActiveCfg = Release|Any CPU
		{24EA7321-E30E-49CE-B9CB-DBF163FEC3B7}.Release|Any CPU.Build.0 = Release|Any CPU
	EndGlobalSection
	GlobalSection(SolutionProperties) = preSolution
		HideSolutionNode = FALSE
	EndGlobalSection
	GlobalSection(ExtensibilityGlobals) = postSolution
		SolutionGuid = {A4F8AEBC-E276-4063-82C0-34C36C6B63E9}
	EndGlobalSection
EndGlobal
